// !$*UTF8*$!
{
	archiveVersion = 1;
	classes = {
	};
	objectVersion = 56;
	objects = {

/* Begin PBXBuildFile section */
		9C8154FF2EE74BF1004EEB8A /* MapView.swift in Sources */ = {isa = PBXBuildFile; fileRef = 9C8154FE2EE74BF1004EEB8A /* MapView.swift */; };
		9C8155002EE74BF1004EEB8A /* EnhancedMapView.swift in Sources */ = {isa = PBXBuildFile; fileRef = 9C8154FD2EE74BF1004EEB8A /* EnhancedMapView.swift */; };
		9C8155082EE74D70004EEB8A /* MapModels.swift in Sources */ = {isa = PBXBuildFile; fileRef = 9C8155072EE74D70004EEB8A /* MapModels.swift */; };
		9CC5ADCB2EE43D050021F292 /* AttitudeIndicator.swift in Sources */ = {isa = PBXBuildFile; fileRef = 9CC5ADCA2EE43D050021F292 /* AttitudeIndicator.swift */; };
		9CC5ADCD2EE43D270021F292 /* MainDashboardView.swift in Sources */ = {isa = PBXBuildFile; fileRef = 9CC5ADCC2EE43D270021F292 /* MainDashboardView.swift */; };
		9CC5ADCF2EE445400021F292 /* StatusBar.swift in Sources */ = {isa = PBXBuildFile; fileRef = 9CC5ADCE2EE445400021F292 /* StatusBar.swift */; };
		A6C03FAB3640D8EB35C69E8B /* DroneControlApp.swift in Sources */ = {isa = PBXBuildFile; fileRef = 2311F05382E3E35ABA13412D /* DroneControlApp.swift */; };
		70016879C23BB2A138583A96 /* ContentView.swift in Sources */ = {isa = PBXBuildFile; fileRef = 8EB8D06DA1A4E034E72D7921 /* ContentView.swift */; };
		342E1B33CF22F7230F96C47A /* MAVLinkProtocol.swift in Sources */ = {isa = PBXBuildFile; fileRef = C047821F89B40AAA79C1E6CC /* MAVLinkProtocol.swift */; };
		BB1F01B3F288919D0206F4B2 /* UDPConnection.swift in Sources */ = {isa = PBXBuildFile; fileRef = 45D3CD6A9DE34134CD2CF226 /* UDPConnection.swift */; };
		4C39DE3826FE5C8FB334742C /* MAVLinkManager.swift in Sources */ = {isa = PBXBuildFile; fileRef = BA0619F09DCF953B0DE76FD2 /* MAVLinkManager.swift */; };
		7973F9C6882B1A25F70FA7F7 /* JoystickView.swift in Sources */ = {isa = PBXBuildFile; fileRef = 071BB79654658DFAC1B3D53B /* JoystickView.swift */; };
		8B294186C87E5F26FB685F35 /* ServoMonitorView.swift in Sources */ = {isa = PBXBuildFile; fileRef = BB937ACECF12A96C94E682A1 /* ServoMonitorView.swift */; };
		743E2CC906AE3AAD2CB92A43 /* FlightModeView.swift in Sources */ = {isa = PBXBuildFile; fileRef = 724A8B5E83C38B664385DAD3 /* FlightModeView.swift */; };
		F870771B72104EB36B5FD4B8 /* ConnectionStatusView.swift in Sources */ = {isa = PBXBuildFile; fileRef = 38B4BAB5B509BAF9C5F59A66 /* ConnectionStatusView.swift */; };
		A92954C96BE9E98870DD4C36 /* ControlPanelView.swift in Sources */ = {isa = PBXBuildFile; fileRef = 81498F5922D9EF486B170AC0 /* ControlPanelView.swift */; };
		5F4847FAE7DDCCA2E90DB46E /* Assets.xcassets in Resources */ = {isa = PBXBuildFile; fileRef = 10323E0AE18C737D179DE0C4 /* Assets.xcassets */; };
		38BC820555B3377A78682069 /* SettingsView.swift in Sources */ = {isa = PBXBuildFile; fileRef = 58CC8ABCC49EBB75E19499DB /* SettingsView.swift */; };
		EB507FFD6E410372F5FA1A3D /* VideoStreamView.swift in Sources */ = {isa = PBXBuildFile; fileRef = 9ADD253A3CC449AC4056CE2A /* VideoStreamView.swift */; };
/* End PBXBuildFile section */

/* Begin PBXFileReference section */
		9C8154FD2EE74BF1004EEB8A /* EnhancedMapView.swift */ = {isa = PBXFileReference; lastKnownFileType = sourcecode.swift; path = EnhancedMapView.swift; sourceTree = "<group>"; };
		9C8154FE2EE74BF1004EEB8A /* MapView.swift */ = {isa = PBXFileReference; lastKnownFileType = sourcecode.swift; path = MapView.swift; sourceTree = "<group>"; };
		9C8155072EE74D70004EEB8A /* MapModels.swift */ = {isa = PBXFileReference; lastKnownFileType = sourcecode.swift; path = MapModels.swift; sourceTree = "<group>"; };
		9CC5ADC92EE39DFA0021F292 /* DroneControl-Bridging-Header.h */ = {isa = PBXFileReference; lastKnownFileType = sourcecode.c.h; path = "DroneControl-Bridging-Header.h"; sourceTree = "<group>"; };
		9CC5ADCA2EE43D050021F292 /* AttitudeIndicator.swift */ = {isa = PBXFileReference; lastKnownFileType = sourcecode.swift; path = AttitudeIndicator.swift; sourceTree = "<group>"; };
		9CC5ADCC2EE43D270021F292 /* MainDashboardView.swift */ = {isa = PBXFileReference; lastKnownFileType = sourcecode.swift; path = MainDashboardView.swift; sourceTree = "<group>"; };
		9CC5ADCE2EE445400021F292 /* StatusBar.swift */ = {isa = PBXFileReference; lastKnownFileType = sourcecode.swift; path = StatusBar.swift; sourceTree = "<group>"; };
		2311F05382E3E35ABA13412D /* DroneControlApp.swift */ = {isa = PBXFileReference; lastKnownFileType = sourcecode.swift; path = DroneControlApp.swift; sourceTree = "<group>"; };
		8EB8D06DA1A4E034E72D7921 /* ContentView.swift */ = {isa = PBXFileReference; lastKnownFileType = sourcecode.swift; path = ContentView.swift; sourceTree = "<group>"; };
		C047821F89B40AAA79C1E6CC /* MAVLinkProtocol.swift */ = {isa = PBXFileReference; lastKnownFileType = sourcecode.swift; path = MAVLinkProtocol.swift; sourceTree = "<group>"; };
		45D3CD6A9DE34134CD2CF226 /* UDPConnection.swift */ = {isa = PBXFileReference; lastKnownFileType = sourcecode.swift; path = UDPConnection.swift; sourceTree = "<group>"; };
		BA0619F09DCF953B0DE76FD2 /* MAVLinkManager.swift */ = {isa = PBXFileReference; lastKnownFileType = sourcecode.swift; path = MAVLinkManager.swift; sourceTree = "<group>"; };
		071BB79654658DFAC1B3D53B /* JoystickView.swift */ = {isa = PBXFileReference; lastKnownFileType = sourcecode.swift; path = JoystickView.swift; sourceTree = "<group>"; };
		BB937ACECF12A96C94E682A1 /* ServoMonitorView.swift */ = {isa = PBXFileReference; lastKnownFileType = sourcecode.swift; path = ServoMonitorView.swift; sourceTree = "<group>"; };
		724A8B5E83C38B664385DAD3 /* FlightModeView.swift */ = {isa = PBXFileReference; lastKnownFileType = sourcecode.swift; path = FlightModeView.swift; sourceTree = "<group>"; };
		38B4BAB5B509BAF9C5F59A66 /* ConnectionStatusView.swift */ = {isa = PBXFileReference; lastKnownFileType = sourcecode.swift; path = ConnectionStatusView.swift; sourceTree = "<group>"; };
		81498F5922D9EF486B170AC0 /* ControlPanelView.swift */ = {isa = PBXFileReference; lastKnownFileType = sourcecode.swift; path = ControlPanelView.swift; sourceTree = "<group>"; };
		10323E0AE18C737D179DE0C4 /* Assets.xcassets */ = {isa = PBXFileReference; lastKnownFileType = folder.assetcatalog; path = Assets.xcassets; sourceTree = "<group>"; };
		53EB48A50CA8175599BE4238 /* Info.plist */ = {isa = PBXFileReference; lastKnownFileType = text.plist.xml; path = Info.plist; sourceTree = "<group>"; };
		58CC8ABCC49EBB75E19499DB /* SettingsView.swift */ = {isa = PBXFileReference; lastKnownFileType = sourcecode.swift; path = SettingsView.swift; sourceTree = "<group>"; };
		CA39A6C158533A30C36017F4 /* DroneControl.entitlements */ = {isa = PBXFileReference; lastKnownFileType = text.plist.entitlements; path = DroneControl.entitlements; sourceTree = "<group>"; };
		9ADD253A3CC449AC4056CE2A /* VideoStreamView.swift */ = {isa = PBXFileReference; lastKnownFileType = sourcecode.swift; path = VideoStreamView.swift; sourceTree = "<group>"; };
		ECF3F6EDA3A4710E2C472690 /* DroneControl.app */ = {isa = PBXFileReference; explicitFileType = wrapper.application; includeInIndex = 0; path = DroneControl.app; sourceTree = BUILT_PRODUCTS_DIR; };
/* End PBXFileReference section */

/* Begin PBXFrameworksBuildPhase section */
		2F767F429F26453D66E7C78F /* Frameworks */ = {
			isa = PBXFrameworksBuildPhase;
			buildActionMask = 2147483647;
			files = (
			);
			runOnlyForDeploymentPostprocessing = 0;
		};
/* End PBXFrameworksBuildPhase section */

/* Begin PBXGroup section */
		9C8155062EE74D42004EEB8A /* Models */ = {
			isa = PBXGroup;
			children = (
				9C8155072EE74D70004EEB8A /* MapModels.swift */,
			);
			path = Models;
			sourceTree = "<group>";
		};
		F735C7E49737A442E6F800F6 = {
			isa = PBXGroup;
			children = (
				D8DC95104139FDD973649491 /* DroneControl */,
				80F8CB8DF072905C07A76BF2 /* Products */,
			);
			sourceTree = "<group>";
		};
		D8DC95104139FDD973649491 /* DroneControl */ = {
			isa = PBXGroup;
			children = (
				9C8155062EE74D42004EEB8A /* Models */,
				2311F05382E3E35ABA13412D /* DroneControlApp.swift */,
				8EB8D06DA1A4E034E72D7921 /* ContentView.swift */,
				06CF6D7B039E5E189692C7D9 /* MAVLink */,
				0CF2AE824241938CAC178AF8 /* Views */,
				10323E0AE18C737D179DE0C4 /* Assets.xcassets */,
				53EB48A50CA8175599BE4238 /* Info.plist */,
				CA39A6C158533A30C36017F4 /* DroneControl.entitlements */,
				9CC5ADC92EE39DFA0021F292 /* DroneControl-Bridging-Header.h */,
			);
			path = DroneControl;
			sourceTree = "<group>";
		};
		06CF6D7B039E5E189692C7D9 /* MAVLink */ = {
			isa = PBXGroup;
			children = (
				C047821F89B40AAA79C1E6CC /* MAVLinkProtocol.swift */,
				45D3CD6A9DE34134CD2CF226 /* UDPConnection.swift */,
				BA0619F09DCF953B0DE76FD2 /* MAVLinkManager.swift */,
			);
			path = MAVLink;
			sourceTree = "<group>";
		};
		0CF2AE824241938CAC178AF8 /* Views */ = {
			isa = PBXGroup;
			children = (
				9C8154FD2EE74BF1004EEB8A /* EnhancedMapView.swift */,
				9C8154FE2EE74BF1004EEB8A /* MapView.swift */,
				9CC5ADCE2EE445400021F292 /* StatusBar.swift */,
				071BB79654658DFAC1B3D53B /* JoystickView.swift */,
				BB937ACECF12A96C94E682A1 /* ServoMonitorView.swift */,
				724A8B5E83C38B664385DAD3 /* FlightModeView.swift */,
				38B4BAB5B509BAF9C5F59A66 /* ConnectionStatusView.swift */,
				81498F5922D9EF486B170AC0 /* ControlPanelView.swift */,
				58CC8ABCC49EBB75E19499DB /* SettingsView.swift */,
				9CC5ADCA2EE43D050021F292 /* AttitudeIndicator.swift */,
				9CC5ADCC2EE43D270021F292 /* MainDashboardView.swift */,
				9ADD253A3CC449AC4056CE2A /* VideoStreamView.swift */,
			);
			path = Views;
			sourceTree = "<group>";
		};
		80F8CB8DF072905C07A76BF2 /* Products */ = {
			isa = PBXGroup;
			children = (
				ECF3F6EDA3A4710E2C472690 /* DroneControl.app */,
			);
			name = Products;
			sourceTree = "<group>";
		};
/* End PBXGroup section */

/* Begin PBXNativeTarget section */
		E89FD27FE34983DDE0229A6E /* DroneControl */ = {
			isa = PBXNativeTarget;
			buildConfigurationList = 553C3EE86BD6E0976A3367D8 /* Build configuration list for PBXNativeTarget "DroneControl" */;
			buildPhases = (
				F6303239C1502EACA949F2E4 /* Sources */,
				2F767F429F26453D66E7C78F /* Frameworks */,
				7B6679ABF2102FBD59719EF1 /* Resources */,
			);
			buildRules = (
			);
			dependencies = (
			);
			name = DroneControl;
			productName = DroneControl;
			productReference = ECF3F6EDA3A4710E2C472690 /* DroneControl.app */;
			productType = "com.apple.product-type.application";
		};
/* End PBXNativeTarget section */

/* Begin PBXProject section */
		84BAC38CEC2EB357B5EE7AE6 /* Project object */ = {
			isa = PBXProject;
			attributes = {
				BuildIndependentTargetsInParallel = 1;
				LastSwiftUpdateCheck = 1500;
				LastUpgradeCheck = 1500;
				TargetAttributes = {
					E89FD27FE34983DDE0229A6E = {
						CreatedOnToolsVersion = 15.0;
					};
				};
			};
			buildConfigurationList = A8609817EEB78816420DB592 /* Build configuration list for PBXProject "DroneControl" */;
			compatibilityVersion = "Xcode 14.0";
			developmentRegion = en;
			hasScannedForEncodings = 0;
			knownRegions = (
				en,
				Base,
			);
			mainGroup = F735C7E49737A442E6F800F6;
			productRefGroup = 80F8CB8DF072905C07A76BF2 /* Products */;
			projectDirPath = "";
			projectRoot = "";
			targets = (
				E89FD27FE34983DDE0229A6E /* DroneControl */,
			);
		};
/* End PBXProject section */

/* Begin PBXResourcesBuildPhase section */
		7B6679ABF2102FBD59719EF1 /* Resources */ = {
			isa = PBXResourcesBuildPhase;
			buildActionMask = 2147483647;
			files = (
				5F4847FAE7DDCCA2E90DB46E /* Assets.xcassets in Resources */,
			);
			runOnlyForDeploymentPostprocessing = 0;
		};
/* End PBXResourcesBuildPhase section */

/* Begin PBXSourcesBuildPhase section */
		F6303239C1502EACA949F2E4 /* Sources */ = {
			isa = PBXSourcesBuildPhase;
			buildActionMask = 2147483647;
			files = (
				A6C03FAB3640D8EB35C69E8B /* DroneControlApp.swift in Sources */,
				70016879C23BB2A138583A96 /* ContentView.swift in Sources */,
				342E1B33CF22F7230F96C47A /* MAVLinkProtocol.swift in Sources */,
				9CC5ADCB2EE43D050021F292 /* AttitudeIndicator.swift in Sources */,
				BB1F01B3F288919D0206F4B2 /* UDPConnection.swift in Sources */,
				9C8155082EE74D70004EEB8A /* MapModels.swift in Sources */,
				4C39DE3826FE5C8FB334742C /* MAVLinkManager.swift in Sources */,
				7973F9C6882B1A25F70FA7F7 /* JoystickView.swift in Sources */,
				9CC5ADCF2EE445400021F292 /* StatusBar.swift in Sources */,
				9C8154FF2EE74BF1004EEB8A /* MapView.swift in Sources */,
				9C8155002EE74BF1004EEB8A /* EnhancedMapView.swift in Sources */,
				8B294186C87E5F26FB685F35 /* ServoMonitorView.swift in Sources */,
				743E2CC906AE3AAD2CB92A43 /* FlightModeView.swift in Sources */,
				9CC5ADCD2EE43D270021F292 /* MainDashboardView.swift in Sources */,
				F870771B72104EB36B5FD4B8 /* ConnectionStatusView.swift in Sources */,
				A92954C96BE9E98870DD4C36 /* ControlPanelView.swift in Sources */,
				38BC820555B3377A78682069 /* SettingsView.swift in Sources */,
					EB507FFD6E410372F5FA1A3D /* VideoStreamView.swift in Sources */,
			);
			runOnlyForDeploymentPostprocessing = 0;
		};
/* End PBXSourcesBuildPhase section */

/* Begin XCBuildConfiguration section */
		2FE45B2E526E1792663285E2 /* Debug */ = {
			isa = XCBuildConfiguration;
			buildSettings = {
				ALWAYS_SEARCH_USER_PATHS = NO;
				ASSETCATALOG_COMPILER_GENERATE_SWIFT_ASSET_SYMBOL_EXTENSIONS = YES;
				CLANG_ANALYZER_NONNULL = YES;
				CLANG_ANALYZER_NUMBER_OBJECT_CONVERSION = YES_AGGRESSIVE;
				CLANG_CXX_LANGUAGE_STANDARD = "gnu++20";
				CLANG_ENABLE_MODULES = YES;
				CLANG_ENABLE_OBJC_ARC = YES;
				CLANG_ENABLE_OBJC_WEAK = YES;
				CLANG_WARN_BLOCK_CAPTURE_AUTORELEASING = YES;
				CLANG_WARN_BOOL_CONVERSION = YES;
				CLANG_WARN_COMMA = YES;
				CLANG_WARN_CONSTANT_CONVERSION = YES;
				CLANG_WARN_DEPRECATED_OBJC_IMPLEMENTATIONS = YES;
				CLANG_WARN_DIRECT_OBJC_ISA_USAGE = YES_ERROR;
				CLANG_WARN_DOCUMENTATION_COMMENTS = YES;
				CLANG_WARN_EMPTY_BODY = YES;
				CLANG_WARN_ENUM_CONVERSION = YES;
				CLANG_WARN_INFINITE_RECURSION = YES;
				CLANG_WARN_INT_CONVERSION = YES;
				CLANG_WARN_NON_LITERAL_NULL_CONVERSION = YES;
				CLANG_WARN_OBJC_IMPLICIT_RETAIN_SELF = YES;
				CLANG_WARN_OBJC_LITERAL_CONVERSION = YES;
				CLANG_WARN_OBJC_ROOT_CLASS = YES_ERROR;
				CLANG_WARN_QUOTED_INCLUDE_IN_FRAMEWORK_HEADER = YES;
				CLANG_WARN_RANGE_LOOP_ANALYSIS = YES;
				CLANG_WARN_STRICT_PROTOTYPES = YES;
				CLANG_WARN_SUSPICIOUS_MOVE = YES;
				CLANG_WARN_UNGUARDED_AVAILABILITY = YES_AGGRESSIVE;
				CLANG_WARN_UNREACHABLE_CODE = YES;
				CLANG_WARN__DUPLICATE_METHOD_MATCH = YES;
				COPY_PHASE_STRIP = NO;
				DEBUG_INFORMATION_FORMAT = dwarf;
				ENABLE_STRICT_OBJC_MSGSEND = YES;
				ENABLE_TESTABILITY = YES;
				ENABLE_USER_SCRIPT_SANDBOXING = YES;
				GCC_C_LANGUAGE_STANDARD = gnu17;
				GCC_DYNAMIC_NO_PIC = NO;
				GCC_NO_COMMON_BLOCKS = YES;
				GCC_OPTIMIZATION_LEVEL = 0;
				GCC_PREPROCESSOR_DEFINITIONS = (
					"DEBUG=1",
					"$(inherited)",
				);
				GCC_WARN_64_TO_32_BIT_CONVERSION = YES;
				GCC_WARN_ABOUT_RETURN_TYPE = YES_ERROR;
				GCC_WARN_UNDECLARED_SELECTOR = YES;
				GCC_WARN_UNINITIALIZED_AUTOS = YES_AGGRESSIVE;
				GCC_WARN_UNUSED_FUNCTION = YES;
				GCC_WARN_UNUSED_VARIABLE = YES;
				IPHONEOS_DEPLOYMENT_TARGET = 18.0;
				LOCALIZATION_PREFERS_STRING_CATALOGS = YES;
				MTL_ENABLE_DEBUG_INFO = INCLUDE_SOURCE;
				MTL_FAST_MATH = YES;
				ONLY_ACTIVE_ARCH = YES;
				SDKROOT = iphoneos;
				SWIFT_ACTIVE_COMPILATION_CONDITIONS = "DEBUG $(inherited)";
				SWIFT_OPTIMIZATION_LEVEL = "-Onone";
			};
			name = Debug;
		};
		73F902003DB1DB30BA6A1F30 /* Release */ = {
			isa = XCBuildConfiguration;
			buildSettings = {
				ALWAYS_SEARCH_USER_PATHS = NO;
				ASSETCATALOG_COMPILER_GENERATE_SWIFT_ASSET_SYMBOL_EXTENSIONS = YES;
				CLANG_ANALYZER_NONNULL = YES;
				CLANG_ANALYZER_NUMBER_OBJECT_CONVERSION = YES_AGGRESSIVE;
				CLANG_CXX_LANGUAGE_STANDARD = "gnu++20";
				CLANG_ENABLE_MODULES = YES;
				CLANG_ENABLE_OBJC_ARC = YES;
				CLANG_ENABLE_OBJC_WEAK = YES;
				CLANG_WARN_BLOCK_CAPTURE_AUTORELEASING = YES;
				CLANG_WARN_BOOL_CONVERSION = YES;
				CLANG_WARN_COMMA = YES;
				CLANG_WARN_CONSTANT_CONVERSION = YES;
				CLANG_WARN_DEPRECATED_OBJC_IMPLEMENTATIONS = YES;
				CLANG_WARN_DIRECT_OBJC_ISA_USAGE = YES_ERROR;
				CLANG_WARN_DOCUMENTATION_COMMENTS = YES;
				CLANG_WARN_EMPTY_BODY = YES;
				CLANG_WARN_ENUM_CONVERSION = YES;
				CLANG_WARN_INFINITE_RECURSION = YES;
				CLANG_WARN_INT_CONVERSION = YES;
				CLANG_WARN_NON_LITERAL_NULL_CONVERSION = YES;
				CLANG_WARN_OBJC_IMPLICIT_RETAIN_SELF = YES;
				CLANG_WARN_OBJC_LITERAL_CONVERSION = YES;
				CLANG_WARN_OBJC_ROOT_CLASS = YES_ERROR;
				CLANG_WARN_QUOTED_INCLUDE_IN_FRAMEWORK_HEADER = YES;
				CLANG_WARN_RANGE_LOOP_ANALYSIS = YES;
				CLANG_WARN_STRICT_PROTOTYPES = YES;
				CLANG_WARN_SUSPICIOUS_MOVE = YES;
				CLANG_WARN_UNGUARDED_AVAILABILITY = YES_AGGRESSIVE;
				CLANG_WARN_UNREACHABLE_CODE = YES;
				CLANG_WARN__DUPLICATE_METHOD_MATCH = YES;
				COPY_PHASE_STRIP = NO;
				DEBUG_INFORMATION_FORMAT = "dwarf-with-dsym";
				ENABLE_NS_ASSERTIONS = NO;
				ENABLE_STRICT_OBJC_MSGSEND = YES;
				ENABLE_USER_SCRIPT_SANDBOXING = YES;
				GCC_C_LANGUAGE_STANDARD = gnu17;
				GCC_NO_COMMON_BLOCKS = YES;
				GCC_WARN_64_TO_32_BIT_CONVERSION = YES;
				GCC_WARN_ABOUT_RETURN_TYPE = YES_ERROR;
				GCC_WARN_UNDECLARED_SELECTOR = YES;
				GCC_WARN_UNINITIALIZED_AUTOS = YES_AGGRESSIVE;
				GCC_WARN_UNUSED_FUNCTION = YES;
				GCC_WARN_UNUSED_VARIABLE = YES;
				IPHONEOS_DEPLOYMENT_TARGET = 18.0;
				LOCALIZATION_PREFERS_STRING_CATALOGS = YES;
				MTL_ENABLE_DEBUG_INFO = NO;
				MTL_FAST_MATH = YES;
				SDKROOT = iphoneos;
				SWIFT_COMPILATION_MODE = wholemodule;
				VALIDATE_PRODUCT = YES;
			};
			name = Release;
		};
		9169EF201524176ADD6C14BF /* Debug */ = {
			isa = XCBuildConfiguration;
			buildSettings = {
				ASSETCATALOG_COMPILER_APPICON_NAME = AppIcon;
				ASSETCATALOG_COMPILER_GLOBAL_ACCENT_COLOR_NAME = AccentColor;
				CODE_SIGN_ENTITLEMENTS = DroneControl/DroneControl.entitlements;
				CODE_SIGN_STYLE = Automatic;
				CURRENT_PROJECT_VERSION = 1;
				DEVELOPMENT_TEAM = X26P47BR28;
				GENERATE_INFOPLIST_FILE = YES;
				HEADER_SEARCH_PATHS = "$(PROJECT_DIR)/DroneControl/MAVLink/mavlink/include/mavlink/v2.0/**";
				INFOPLIST_FILE = DroneControl/Info.plist;
				INFOPLIST_KEY_CFBundleDisplayName = "Drone Control";
				INFOPLIST_KEY_LSApplicationCategoryType = "public.app-category.utilities";
				INFOPLIST_KEY_UIApplicationSceneManifest_Generation = YES;
				INFOPLIST_KEY_UIApplicationSupportsIndirectInputEvents = YES;
				INFOPLIST_KEY_UILaunchScreen_Generation = YES;
				INFOPLIST_KEY_UISupportedInterfaceOrientations_iPad = "UIInterfaceOrientationPortrait UIInterfaceOrientationPortraitUpsideDown UIInterfaceOrientationLandscapeLeft UIInterfaceOrientationLandscapeRight";
				INFOPLIST_KEY_UISupportedInterfaceOrientations_iPhone = "UIInterfaceOrientationPortrait UIInterfaceOrientationLandscapeLeft UIInterfaceOrientationLandscapeRight";
				LD_RUNPATH_SEARCH_PATHS = (
					"$(inherited)",
					"@executable_path/Frameworks",
					"@executable_path/../Frameworks",
				);
				MACOSX_DEPLOYMENT_TARGET = 14.0;
				MARKETING_VERSION = 1.0;
				PRODUCT_BUNDLE_IDENTIFIER = com.dronecontrol.app;
				PRODUCT_NAME = "$(TARGET_NAME)";
				SDKROOT = iphoneos;
				SUPPORTED_PLATFORMS = "iphoneos iphonesimulator macosx";
				SUPPORTS_MACCATALYST = NO;
				SUPPORTS_MAC_DESIGNED_FOR_IPHONE_IPAD = NO;
				SWIFT_EMIT_LOC_STRINGS = YES;
				SWIFT_OBJC_BRIDGING_HEADER = "DroneControl/DroneControl-Bridging-Header.h";
				SWIFT_VERSION = 5.0;
				TARGETED_DEVICE_FAMILY = "1,2";
			};
			name = Debug;
		};
		E3A204936808E7FB7035703F /* Release */ = {
			isa = XCBuildConfiguration;
			buildSettings = {
				ASSETCATALOG_COMPILER_APPICON_NAME = AppIcon;
				ASSETCATALOG_COMPILER_GLOBAL_ACCENT_COLOR_NAME = AccentColor;
				CODE_SIGN_ENTITLEMENTS = DroneControl/DroneControl.entitlements;
				CODE_SIGN_STYLE = Automatic;
				CURRENT_PROJECT_VERSION = 1;
				DEVELOPMENT_TEAM = X26P47BR28;
				GENERATE_INFOPLIST_FILE = YES;
				HEADER_SEARCH_PATHS = "$(PROJECT_DIR)/DroneControl/MAVLink/mavlink/include/mavlink/v2.0/**";
				INFOPLIST_FILE = DroneControl/Info.plist;
				INFOPLIST_KEY_CFBundleDisplayName = "Drone Control";
				INFOPLIST_KEY_LSApplicationCategoryType = "public.app-category.utilities";
				INFOPLIST_KEY_UIApplicationSceneManifest_Generation = YES;
				INFOPLIST_KEY_UIApplicationSupportsIndirectInputEvents = YES;
				INFOPLIST_KEY_UILaunchScreen_Generation = YES;
				INFOPLIST_KEY_UISupportedInterfaceOrientations_iPad = "UIInterfaceOrientationPortrait UIInterfaceOrientationPortraitUpsideDown UIInterfaceOrientationLandscapeLeft UIInterfaceOrientationLandscapeRight";
				INFOPLIST_KEY_UISupportedInterfaceOrientations_iPhone = "UIInterfaceOrientationPortrait UIInterfaceOrientationLandscapeLeft UIInterfaceOrientationLandscapeRight";
				LD_RUNPATH_SEARCH_PATHS = (
					"$(inherited)",
					"@executable_path/Frameworks",
					"@executable_path/../Frameworks",
				);
				MACOSX_DEPLOYMENT_TARGET = 14.0;
				MARKETING_VERSION = 1.0;
				PRODUCT_BUNDLE_IDENTIFIER = com.dronecontrol.app;
				PRODUCT_NAME = "$(TARGET_NAME)";
				SDKROOT = iphoneos;
				SUPPORTED_PLATFORMS = "iphoneos iphonesimulator macosx";
				SUPPORTS_MACCATALYST = NO;
				SUPPORTS_MAC_DESIGNED_FOR_IPHONE_IPAD = NO;
				SWIFT_EMIT_LOC_STRINGS = YES;
				SWIFT_OBJC_BRIDGING_HEADER = "DroneControl/DroneControl-Bridging-Header.h";
				SWIFT_VERSION = 5.0;
				TARGETED_DEVICE_FAMILY = "1,2";
			};
			name = Release;
		};
/* End XCBuildConfiguration section */

/* Begin XCConfigurationList section */
		553C3EE86BD6E0976A3367D8 /* Build configuration list for PBXNativeTarget "DroneControl" */ = {
			isa = XCConfigurationList;
			buildConfigurations = (
				9169EF201524176ADD6C14BF /* Debug */,
				E3A204936808E7FB7035703F /* Release */,
			);
			defaultConfigurationIsVisible = 0;
			defaultConfigurationName = Release;
		};
		A8609817EEB78816420DB592 /* Build configuration list for PBXProject "DroneControl" */ = {
			isa = XCConfigurationList;
			buildConfigurations = (
				2FE45B2E526E1792663285E2 /* Debug */,
				73F902003DB1DB30BA6A1F30 /* Release */,
			);
			defaultConfigurationIsVisible = 0;
			defaultConfigurationName = Release;
		};
/* End XCConfigurationList section */
	};
	rootObject = 84BAC38CEC2EB357B5EE7AE6 /* Project object */;
}
